
Microsoft Visual Studio Solution File, Format Version 12.00
# Visual Studio Version 17
VisualStudioVersion = 17.13.35828.75 d17.13
MinimumVisualStudioVersion = 10.0.40219.1
Project("{FAE04EC0-301F-11D3-BF4B-00C04F79EFBC}") = "IdentityManager", "IdentityManager\IdentityManager.csproj", "{F14E55E1-8786-4232-A16D-FE8FDFB61E83}"
EndProject
Global
	GlobalSection(SolutionConfigurationPlatforms) = preSolution
		Debug|Any CPU = Debug|Any CPU
		Release|Any CPU = Release|Any CPU
	EndGlobalSection
	GlobalSection(ProjectConfigurationPlatforms) = postSolution
		{F14E55E1-8786-4232-A16D-FE8FDFB61E83}.Debug|Any CPU.ActiveCfg = Debug|Any CPU
		{F14E55E1-8786-4232-A16D-FE8FDFB61E83}.Debug|Any CPU.Build.0 = Debug|Any CPU
		{F14E55E1-8786-4232-A16D-FE8FDFB61E83}.Release|Any CPU.ActiveCfg = Release|Any CPU
		{F14E55E1-8786-4232-A16D-FE8FDFB61E83}.Release|Any CPU.Build.0 = Release|Any CPU
	EndGlobalSection
	GlobalSection(SolutionProperties) = preSolution
		HideSolutionNode = FALSE
	EndGlobalSection
	GlobalSection(ExtensibilityGlobals) = postSolution
		SolutionGuid = {4CB194D5-FADC-42D3-82D9-5A8CC0C29CD4}
	EndGlobalSection
EndGlobal
